{
  "name": "test",
  "version": "1.0.0",
  "lockfileVersion": 1,
  "requires": true,
  "dependencies": {
    "bluebird": {
      "version": "3.7.2",
      "resolved": "https://registry.npmjs.org/bluebird/-/bluebird-3.7.2.tgz",
      "integrity": "sha512-XpNj6GDQzdfW+r2Wnn7xiSAd7TM3jzkxGXBGTtWKuSXv1xUV+azxAm8jdWZN06QTQk+2N2XB9jRDkvbmQmcRtg=="
    },
    "debug": {
      "version": "3.2.7",
      "resolved": "https://registry.npmjs.org/debug/-/debug-3.2.7.tgz",
      "integrity": "sha512-CFjzYYAi4ThfiQvizrFQevTTXHtnCqWfe7x1AhgEscTz6ZbLbfoLRLPugTQyBth6f8ZERVUSyWHFD/7Wu4t1XQ==",
      "requires": {
        "ms": "^2.1.1"
      }
    },
    "imagickal": {
      "version": "5.0.1",
      "resolved": "https://registry.npmjs.org/imagickal/-/imagickal-5.0.1.tgz",
      "integrity": "sha512-aoo+7q14odsdMzvHkbbvV4J7yxRHncUBbgsRjIpzKfWZPgx/aENuN35nAxZ1JQ8uhea7l2DOzm6brSz6qubs2g==",
      "requires": {
        "bluebird": "^3.3.4",
        "debug": "^3.1.0"
      }
    },
    "js-extend": {
      "version": "1.0.1",
      "resolved": "https://registry.npmjs.org/js-extend/-/js-extend-1.0.1.tgz",
      "integrity": "sha1-UFUasaxx1LswLkBA675ZAzuisfc="
    },
    "ms": {
      "version": "2.1.3",
      "resolved": "https://registry.npmjs.org/ms/-/ms-2.1.3.tgz",
      "integrity": "sha512-6FlzubTLZG3J2a/NVCAleEhjzq5oxgHyaCU9yYXvcLsvoVaHJq/s5xXI6/XXP6tz7R9xAOtHnSO/tXtF3WRTlA=="
    },
    "xmlhttprequest-ssl": {
      "version": "1.6.2",
      "resolved": "https://registry.npmjs.org/xmlhttprequest-ssl/-/xmlhttprequest-ssl-1.6.2.tgz",
      "integrity": "sha512-tYOaldF/0BLfKuoA39QMwD4j2m8lq4DIncqj1yuNELX4vz9+z/ieG/vwmctjJce+boFHXstqhWnHSxc4W8f4qg=="
    }
  }
}
